
Microsoft Visual Studio Solution File, Format Version 12.00
# Visual Studio Version 16
VisualStudioVersion = 16.0.30204.135
MinimumVisualStudioVersion = 10.0.40219.1
Project("{FAE04EC0-301F-11D3-BF4B-00C04F79EFBC}") = "nowthatscincinnati", "nowthatscincinnati\nowthatscincinnati.csproj", "{C8FE4B04-C032-4F34-892E-029EF7BBD9B6}"
EndProject
Global
	GlobalSection(SolutionConfigurationPlatforms) = preSolution
		Debug|Any CPU = Debug|Any CPU
		Release|Any CPU = Release|Any CPU
	EndGlobalSection
	GlobalSection(ProjectConfigurationPlatforms) = postSolution
		{C8FE4B04-C032-4F34-892E-029EF7BBD9B6}.Debug|Any CPU.ActiveCfg = Debug|Any CPU
		{C8FE4B04-C032-4F34-892E-029EF7BBD9B6}.Debug|Any CPU.Build.0 = Debug|Any CPU
		{C8FE4B04-C032-4F34-892E-029EF7BBD9B6}.Release|Any CPU.ActiveCfg = Release|Any CPU
		{C8FE4B04-C032-4F34-892E-029EF7BBD9B6}.Release|Any CPU.Build.0 = Release|Any CPU
	EndGlobalSection
	GlobalSection(SolutionProperties) = preSolution
		HideSolutionNode = FALSE
	EndGlobalSection
	GlobalSection(ExtensibilityGlobals) = postSolution
		SolutionGuid = {6B530E3B-AE7D-4F6C-9ACF-0CA5475BFC09}
	EndGlobalSection
EndGlobal
